{
    "_meta": {
        "hash": {
            "sha256": "f06db84801fdbf6775eaca1c759a65baa7d1422c5f69767f0b83918717fe4384"
        },
        "pipfile-spec": 6,
        "requires": {},
        "sources": [
            {
                "name": "pypi",
                "url": "https://pypi.org/simple",
                "verify_ssl": true
            }
        ]
    },
    "default": {},
    "develop": {}
}
